// !$*UTF8*$!
{
	archiveVersion = 1;
	classes = {
	};
	objectVersion = 56;
	objects = {

/* Begin PBXBuildFile section */
		DD29042329A6672500F59B66 /* AppDelegate.swift in Sources */ = {isa = PBXBuildFile; fileRef = DD29042229A6672500F59B66 /* AppDelegate.swift */; };
		DD29042529A6672500F59B66 /* SceneDelegate.swift in Sources */ = {isa = PBXBuildFile; fileRef = DD29042429A6672500F59B66 /* SceneDelegate.swift */; };
		DD29042729A6672500F59B66 /* RMTabBarController.swift in Sources */ = {isa = PBXBuildFile; fileRef = DD29042629A6672500F59B66 /* RMTabBarController.swift */; };
		DD29042C29A6672800F59B66 /* Assets.xcassets in Resources */ = {isa = PBXBuildFile; fileRef = DD29042B29A6672800F59B66 /* Assets.xcassets */; };
		DD29042F29A6672800F59B66 /* LaunchScreen.storyboard in Resources */ = {isa = PBXBuildFile; fileRef = DD29042D29A6672800F59B66 /* LaunchScreen.storyboard */; };
		DD29043E29A668C500F59B66 /* RMLocation.swift in Sources */ = {isa = PBXBuildFile; fileRef = DD29043D29A668C500F59B66 /* RMLocation.swift */; };
		DD29044029A668D100F59B66 /* RMCharacter.swift in Sources */ = {isa = PBXBuildFile; fileRef = DD29043F29A668D100F59B66 /* RMCharacter.swift */; };
		DD29044229A668D800F59B66 /* RMEpisode.swift in Sources */ = {isa = PBXBuildFile; fileRef = DD29044129A668D800F59B66 /* RMEpisode.swift */; };
		DD29044529A6693A00F59B66 /* RMCharacterViewController.swift in Sources */ = {isa = PBXBuildFile; fileRef = DD29044429A6693A00F59B66 /* RMCharacterViewController.swift */; };
		DD29044729A6695B00F59B66 /* RMLocationViewController.swift in Sources */ = {isa = PBXBuildFile; fileRef = DD29044629A6695B00F59B66 /* RMLocationViewController.swift */; };
		DD29044929A6696D00F59B66 /* RMEpisodeViewController.swift in Sources */ = {isa = PBXBuildFile; fileRef = DD29044829A6696D00F59B66 /* RMEpisodeViewController.swift */; };
		DD29044B29A6698000F59B66 /* RMSettingsViewController.swift in Sources */ = {isa = PBXBuildFile; fileRef = DD29044A29A6698000F59B66 /* RMSettingsViewController.swift */; };
		DD29044D29A66FC200F59B66 /* RMService.swift in Sources */ = {isa = PBXBuildFile; fileRef = DD29044C29A66FC200F59B66 /* RMService.swift */; };
		DD29044F29A66FD200F59B66 /* RMRequest.swift in Sources */ = {isa = PBXBuildFile; fileRef = DD29044E29A66FD200F59B66 /* RMRequest.swift */; };
		DD29045129A6705900F59B66 /* RMEndpoint.swift in Sources */ = {isa = PBXBuildFile; fileRef = DD29045029A6705900F59B66 /* RMEndpoint.swift */; };
/* End PBXBuildFile section */

/* Begin PBXFileReference section */
		DD29041F29A6672500F59B66 /* RickAndMorty.app */ = {isa = PBXFileReference; explicitFileType = wrapper.application; includeInIndex = 0; path = RickAndMorty.app; sourceTree = BUILT_PRODUCTS_DIR; };
		DD29042229A6672500F59B66 /* AppDelegate.swift */ = {isa = PBXFileReference; lastKnownFileType = sourcecode.swift; path = AppDelegate.swift; sourceTree = "<group>"; };
		DD29042429A6672500F59B66 /* SceneDelegate.swift */ = {isa = PBXFileReference; lastKnownFileType = sourcecode.swift; path = SceneDelegate.swift; sourceTree = "<group>"; };
		DD29042629A6672500F59B66 /* RMTabBarController.swift */ = {isa = PBXFileReference; lastKnownFileType = sourcecode.swift; path = RMTabBarController.swift; sourceTree = "<group>"; };
		DD29042B29A6672800F59B66 /* Assets.xcassets */ = {isa = PBXFileReference; lastKnownFileType = folder.assetcatalog; path = Assets.xcassets; sourceTree = "<group>"; };
		DD29042E29A6672800F59B66 /* Base */ = {isa = PBXFileReference; lastKnownFileType = file.storyboard; name = Base; path = Base.lproj/LaunchScreen.storyboard; sourceTree = "<group>"; };
		DD29043029A6672800F59B66 /* Info.plist */ = {isa = PBXFileReference; lastKnownFileType = text.plist.xml; path = Info.plist; sourceTree = "<group>"; };
		DD29043D29A668C500F59B66 /* RMLocation.swift */ = {isa = PBXFileReference; lastKnownFileType = sourcecode.swift; path = RMLocation.swift; sourceTree = "<group>"; };
		DD29043F29A668D100F59B66 /* RMCharacter.swift */ = {isa = PBXFileReference; lastKnownFileType = sourcecode.swift; path = RMCharacter.swift; sourceTree = "<group>"; };
		DD29044129A668D800F59B66 /* RMEpisode.swift */ = {isa = PBXFileReference; lastKnownFileType = sourcecode.swift; path = RMEpisode.swift; sourceTree = "<group>"; };
		DD29044429A6693A00F59B66 /* RMCharacterViewController.swift */ = {isa = PBXFileReference; lastKnownFileType = sourcecode.swift; path = RMCharacterViewController.swift; sourceTree = "<group>"; };
		DD29044629A6695B00F59B66 /* RMLocationViewController.swift */ = {isa = PBXFileReference; lastKnownFileType = sourcecode.swift; path = RMLocationViewController.swift; sourceTree = "<group>"; };
		DD29044829A6696D00F59B66 /* RMEpisodeViewController.swift */ = {isa = PBXFileReference; lastKnownFileType = sourcecode.swift; path = RMEpisodeViewController.swift; sourceTree = "<group>"; };
		DD29044A29A6698000F59B66 /* RMSettingsViewController.swift */ = {isa = PBXFileReference; lastKnownFileType = sourcecode.swift; path = RMSettingsViewController.swift; sourceTree = "<group>"; };
		DD29044C29A66FC200F59B66 /* RMService.swift */ = {isa = PBXFileReference; lastKnownFileType = sourcecode.swift; path = RMService.swift; sourceTree = "<group>"; };
		DD29044E29A66FD200F59B66 /* RMRequest.swift */ = {isa = PBXFileReference; lastKnownFileType = sourcecode.swift; path = RMRequest.swift; sourceTree = "<group>"; };
		DD29045029A6705900F59B66 /* RMEndpoint.swift */ = {isa = PBXFileReference; lastKnownFileType = sourcecode.swift; path = RMEndpoint.swift; sourceTree = "<group>"; };
/* End PBXFileReference section */

/* Begin PBXFrameworksBuildPhase section */
		DD29041C29A6672500F59B66 /* Frameworks */ = {
			isa = PBXFrameworksBuildPhase;
			buildActionMask = 2147483647;
			files = (
			);
			runOnlyForDeploymentPostprocessing = 0;
		};
/* End PBXFrameworksBuildPhase section */

/* Begin PBXGroup section */
		DD29041629A6672500F59B66 = {
			isa = PBXGroup;
			children = (
				DD29042129A6672500F59B66 /* RickAndMorty */,
				DD29042029A6672500F59B66 /* Products */,
			);
			sourceTree = "<group>";
		};
		DD29042029A6672500F59B66 /* Products */ = {
			isa = PBXGroup;
			children = (
				DD29041F29A6672500F59B66 /* RickAndMorty.app */,
			);
			name = Products;
			sourceTree = "<group>";
		};
		DD29042129A6672500F59B66 /* RickAndMorty */ = {
			isa = PBXGroup;
			children = (
				DD29043C29A6684C00F59B66 /* Resources */,
				DD29043B29A6683F00F59B66 /* APIClient */,
				DD29043A29A6682F00F59B66 /* Managers */,
				DD29043929A6682500F59B66 /* ViewModels */,
				DD29043829A6681F00F59B66 /* Views */,
				DD29043729A6681700F59B66 /* Models */,
				DD29043629A6680A00F59B66 /* Controllers */,
				DD29043029A6672800F59B66 /* Info.plist */,
			);
			path = RickAndMorty;
			sourceTree = "<group>";
		};
		DD29043629A6680A00F59B66 /* Controllers */ = {
			isa = PBXGroup;
			children = (
				DD29044329A6691A00F59B66 /* Core */,
			);
			path = Controllers;
			sourceTree = "<group>";
		};
		DD29043729A6681700F59B66 /* Models */ = {
			isa = PBXGroup;
			children = (
				DD29043D29A668C500F59B66 /* RMLocation.swift */,
				DD29043F29A668D100F59B66 /* RMCharacter.swift */,
				DD29044129A668D800F59B66 /* RMEpisode.swift */,
			);
			path = Models;
			sourceTree = "<group>";
		};
		DD29043829A6681F00F59B66 /* Views */ = {
			isa = PBXGroup;
			children = (
			);
			path = Views;
			sourceTree = "<group>";
		};
		DD29043929A6682500F59B66 /* ViewModels */ = {
			isa = PBXGroup;
			children = (
			);
			path = ViewModels;
			sourceTree = "<group>";
		};
		DD29043A29A6682F00F59B66 /* Managers */ = {
			isa = PBXGroup;
			children = (
			);
			path = Managers;
			sourceTree = "<group>";
		};
		DD29043B29A6683F00F59B66 /* APIClient */ = {
			isa = PBXGroup;
			children = (
				DD29044C29A66FC200F59B66 /* RMService.swift */,
				DD29044E29A66FD200F59B66 /* RMRequest.swift */,
				DD29045029A6705900F59B66 /* RMEndpoint.swift */,
			);
			path = APIClient;
			sourceTree = "<group>";
		};
		DD29043C29A6684C00F59B66 /* Resources */ = {
			isa = PBXGroup;
			children = (
				DD29042229A6672500F59B66 /* AppDelegate.swift */,
				DD29042429A6672500F59B66 /* SceneDelegate.swift */,
				DD29042B29A6672800F59B66 /* Assets.xcassets */,
				DD29042D29A6672800F59B66 /* LaunchScreen.storyboard */,
			);
			path = Resources;
			sourceTree = "<group>";
		};
		DD29044329A6691A00F59B66 /* Core */ = {
			isa = PBXGroup;
			children = (
				DD29042629A6672500F59B66 /* RMTabBarController.swift */,
				DD29044429A6693A00F59B66 /* RMCharacterViewController.swift */,
				DD29044629A6695B00F59B66 /* RMLocationViewController.swift */,
				DD29044829A6696D00F59B66 /* RMEpisodeViewController.swift */,
				DD29044A29A6698000F59B66 /* RMSettingsViewController.swift */,
			);
			path = Core;
			sourceTree = "<group>";
		};
/* End PBXGroup section */

/* Begin PBXNativeTarget section */
		DD29041E29A6672500F59B66 /* RickAndMorty */ = {
			isa = PBXNativeTarget;
			buildConfigurationList = DD29043329A6672800F59B66 /* Build configuration list for PBXNativeTarget "RickAndMorty" */;
			buildPhases = (
				DD29041B29A6672500F59B66 /* Sources */,
				DD29041C29A6672500F59B66 /* Frameworks */,
				DD29041D29A6672500F59B66 /* Resources */,
			);
			buildRules = (
			);
			dependencies = (
			);
			name = RickAndMorty;
			productName = RickAndMorty;
			productReference = DD29041F29A6672500F59B66 /* RickAndMorty.app */;
			productType = "com.apple.product-type.application";
		};
/* End PBXNativeTarget section */

/* Begin PBXProject section */
		DD29041729A6672500F59B66 /* Project object */ = {
			isa = PBXProject;
			attributes = {
				BuildIndependentTargetsInParallel = 1;
				LastSwiftUpdateCheck = 1420;
				LastUpgradeCheck = 1420;
				TargetAttributes = {
					DD29041E29A6672500F59B66 = {
						CreatedOnToolsVersion = 14.2;
					};
				};
			};
			buildConfigurationList = DD29041A29A6672500F59B66 /* Build configuration list for PBXProject "RickAndMorty" */;
			compatibilityVersion = "Xcode 14.0";
			developmentRegion = en;
			hasScannedForEncodings = 0;
			knownRegions = (
				en,
				Base,
			);
			mainGroup = DD29041629A6672500F59B66;
			productRefGroup = DD29042029A6672500F59B66 /* Products */;
			projectDirPath = "";
			projectRoot = "";
			targets = (
				DD29041E29A6672500F59B66 /* RickAndMorty */,
			);
		};
/* End PBXProject section */

/* Begin PBXResourcesBuildPhase section */
		DD29041D29A6672500F59B66 /* Resources */ = {
			isa = PBXResourcesBuildPhase;
			buildActionMask = 2147483647;
			files = (
				DD29042F29A6672800F59B66 /* LaunchScreen.storyboard in Resources */,
				DD29042C29A6672800F59B66 /* Assets.xcassets in Resources */,
			);
			runOnlyForDeploymentPostprocessing = 0;
		};
/* End PBXResourcesBuildPhase section */

/* Begin PBXSourcesBuildPhase section */
		DD29041B29A6672500F59B66 /* Sources */ = {
			isa = PBXSourcesBuildPhase;
			buildActionMask = 2147483647;
			files = (
				DD29044729A6695B00F59B66 /* RMLocationViewController.swift in Sources */,
				DD29044229A668D800F59B66 /* RMEpisode.swift in Sources */,
				DD29042729A6672500F59B66 /* RMTabBarController.swift in Sources */,
				DD29044929A6696D00F59B66 /* RMEpisodeViewController.swift in Sources */,
				DD29042329A6672500F59B66 /* AppDelegate.swift in Sources */,
				DD29042529A6672500F59B66 /* SceneDelegate.swift in Sources */,
				DD29044B29A6698000F59B66 /* RMSettingsViewController.swift in Sources */,
				DD29044D29A66FC200F59B66 /* RMService.swift in Sources */,
				DD29043E29A668C500F59B66 /* RMLocation.swift in Sources */,
				DD29045129A6705900F59B66 /* RMEndpoint.swift in Sources */,
				DD29044029A668D100F59B66 /* RMCharacter.swift in Sources */,
				DD29044F29A66FD200F59B66 /* RMRequest.swift in Sources */,
				DD29044529A6693A00F59B66 /* RMCharacterViewController.swift in Sources */,
			);
			runOnlyForDeploymentPostprocessing = 0;
		};
/* End PBXSourcesBuildPhase section */

/* Begin PBXVariantGroup section */
		DD29042D29A6672800F59B66 /* LaunchScreen.storyboard */ = {
			isa = PBXVariantGroup;
			children = (
				DD29042E29A6672800F59B66 /* Base */,
			);
			name = LaunchScreen.storyboard;
			sourceTree = "<group>";
		};
/* End PBXVariantGroup section */

/* Begin XCBuildConfiguration section */
		DD29043129A6672800F59B66 /* Debug */ = {
			isa = XCBuildConfiguration;
			buildSettings = {
				ALWAYS_SEARCH_USER_PATHS = NO;
				CLANG_ANALYZER_NONNULL = YES;
				CLANG_ANALYZER_NUMBER_OBJECT_CONVERSION = YES_AGGRESSIVE;
				CLANG_CXX_LANGUAGE_STANDARD = "gnu++20";
				CLANG_ENABLE_MODULES = YES;
				CLANG_ENABLE_OBJC_ARC = YES;
				CLANG_ENABLE_OBJC_WEAK = YES;
				CLANG_WARN_BLOCK_CAPTURE_AUTORELEASING = YES;
				CLANG_WARN_BOOL_CONVERSION = YES;
				CLANG_WARN_COMMA = YES;
				CLANG_WARN_CONSTANT_CONVERSION = YES;
				CLANG_WARN_DEPRECATED_OBJC_IMPLEMENTATIONS = YES;
				CLANG_WARN_DIRECT_OBJC_ISA_USAGE = YES_ERROR;
				CLANG_WARN_DOCUMENTATION_COMMENTS = YES;
				CLANG_WARN_EMPTY_BODY = YES;
				CLANG_WARN_ENUM_CONVERSION = YES;
				CLANG_WARN_INFINITE_RECURSION = YES;
				CLANG_WARN_INT_CONVERSION = YES;
				CLANG_WARN_NON_LITERAL_NULL_CONVERSION = YES;
				CLANG_WARN_OBJC_IMPLICIT_RETAIN_SELF = YES;
				CLANG_WARN_OBJC_LITERAL_CONVERSION = YES;
				CLANG_WARN_OBJC_ROOT_CLASS = YES_ERROR;
				CLANG_WARN_QUOTED_INCLUDE_IN_FRAMEWORK_HEADER = YES;
				CLANG_WARN_RANGE_LOOP_ANALYSIS = YES;
				CLANG_WARN_STRICT_PROTOTYPES = YES;
				CLANG_WARN_SUSPICIOUS_MOVE = YES;
				CLANG_WARN_UNGUARDED_AVAILABILITY = YES_AGGRESSIVE;
				CLANG_WARN_UNREACHABLE_CODE = YES;
				CLANG_WARN__DUPLICATE_METHOD_MATCH = YES;
				COPY_PHASE_STRIP = NO;
				DEBUG_INFORMATION_FORMAT = dwarf;
				ENABLE_STRICT_OBJC_MSGSEND = YES;
				ENABLE_TESTABILITY = YES;
				GCC_C_LANGUAGE_STANDARD = gnu11;
				GCC_DYNAMIC_NO_PIC = NO;
				GCC_NO_COMMON_BLOCKS = YES;
				GCC_OPTIMIZATION_LEVEL = 0;
				GCC_PREPROCESSOR_DEFINITIONS = (
					"DEBUG=1",
					"$(inherited)",
				);
				GCC_WARN_64_TO_32_BIT_CONVERSION = YES;
				GCC_WARN_ABOUT_RETURN_TYPE = YES_ERROR;
				GCC_WARN_UNDECLARED_SELECTOR = YES;
				GCC_WARN_UNINITIALIZED_AUTOS = YES_AGGRESSIVE;
				GCC_WARN_UNUSED_FUNCTION = YES;
				GCC_WARN_UNUSED_VARIABLE = YES;
				IPHONEOS_DEPLOYMENT_TARGET = 16.2;
				MTL_ENABLE_DEBUG_INFO = INCLUDE_SOURCE;
				MTL_FAST_MATH = YES;
				ONLY_ACTIVE_ARCH = YES;
				SDKROOT = iphoneos;
				SWIFT_ACTIVE_COMPILATION_CONDITIONS = DEBUG;
				SWIFT_OPTIMIZATION_LEVEL = "-Onone";
			};
			name = Debug;
		};
		DD29043229A6672800F59B66 /* Release */ = {
			isa = XCBuildConfiguration;
			buildSettings = {
				ALWAYS_SEARCH_USER_PATHS = NO;
				CLANG_ANALYZER_NONNULL = YES;
				CLANG_ANALYZER_NUMBER_OBJECT_CONVERSION = YES_AGGRESSIVE;
				CLANG_CXX_LANGUAGE_STANDARD = "gnu++20";
				CLANG_ENABLE_MODULES = YES;
				CLANG_ENABLE_OBJC_ARC = YES;
				CLANG_ENABLE_OBJC_WEAK = YES;
				CLANG_WARN_BLOCK_CAPTURE_AUTORELEASING = YES;
				CLANG_WARN_BOOL_CONVERSION = YES;
				CLANG_WARN_COMMA = YES;
				CLANG_WARN_CONSTANT_CONVERSION = YES;
				CLANG_WARN_DEPRECATED_OBJC_IMPLEMENTATIONS = YES;
				CLANG_WARN_DIRECT_OBJC_ISA_USAGE = YES_ERROR;
				CLANG_WARN_DOCUMENTATION_COMMENTS = YES;
				CLANG_WARN_EMPTY_BODY = YES;
				CLANG_WARN_ENUM_CONVERSION = YES;
				CLANG_WARN_INFINITE_RECURSION = YES;
				CLANG_WARN_INT_CONVERSION = YES;
				CLANG_WARN_NON_LITERAL_NULL_CONVERSION = YES;
				CLANG_WARN_OBJC_IMPLICIT_RETAIN_SELF = YES;
				CLANG_WARN_OBJC_LITERAL_CONVERSION = YES;
				CLANG_WARN_OBJC_ROOT_CLASS = YES_ERROR;
				CLANG_WARN_QUOTED_INCLUDE_IN_FRAMEWORK_HEADER = YES;
				CLANG_WARN_RANGE_LOOP_ANALYSIS = YES;
				CLANG_WARN_STRICT_PROTOTYPES = YES;
				CLANG_WARN_SUSPICIOUS_MOVE = YES;
				CLANG_WARN_UNGUARDED_AVAILABILITY = YES_AGGRESSIVE;
				CLANG_WARN_UNREACHABLE_CODE = YES;
				CLANG_WARN__DUPLICATE_METHOD_MATCH = YES;
				COPY_PHASE_STRIP = NO;
				DEBUG_INFORMATION_FORMAT = "dwarf-with-dsym";
				ENABLE_NS_ASSERTIONS = NO;
				ENABLE_STRICT_OBJC_MSGSEND = YES;
				GCC_C_LANGUAGE_STANDARD = gnu11;
				GCC_NO_COMMON_BLOCKS = YES;
				GCC_WARN_64_TO_32_BIT_CONVERSION = YES;
				GCC_WARN_ABOUT_RETURN_TYPE = YES_ERROR;
				GCC_WARN_UNDECLARED_SELECTOR = YES;
				GCC_WARN_UNINITIALIZED_AUTOS = YES_AGGRESSIVE;
				GCC_WARN_UNUSED_FUNCTION = YES;
				GCC_WARN_UNUSED_VARIABLE = YES;
				IPHONEOS_DEPLOYMENT_TARGET = 16.2;
				MTL_ENABLE_DEBUG_INFO = NO;
				MTL_FAST_MATH = YES;
				SDKROOT = iphoneos;
				SWIFT_COMPILATION_MODE = wholemodule;
				SWIFT_OPTIMIZATION_LEVEL = "-O";
				VALIDATE_PRODUCT = YES;
			};
			name = Release;
		};
		DD29043429A6672800F59B66 /* Debug */ = {
			isa = XCBuildConfiguration;
			buildSettings = {
				ASSETCATALOG_COMPILER_APPICON_NAME = AppIcon;
				ASSETCATALOG_COMPILER_GLOBAL_ACCENT_COLOR_NAME = AccentColor;
				CODE_SIGN_STYLE = Automatic;
				CURRENT_PROJECT_VERSION = 1;
				GENERATE_INFOPLIST_FILE = YES;
				INFOPLIST_FILE = RickAndMorty/Info.plist;
				INFOPLIST_KEY_UIApplicationSupportsIndirectInputEvents = YES;
				INFOPLIST_KEY_UILaunchStoryboardName = LaunchScreen;
				INFOPLIST_KEY_UISupportedInterfaceOrientations_iPad = "UIInterfaceOrientationPortrait UIInterfaceOrientationPortraitUpsideDown UIInterfaceOrientationLandscapeLeft UIInterfaceOrientationLandscapeRight";
				INFOPLIST_KEY_UISupportedInterfaceOrientations_iPhone = "UIInterfaceOrientationPortrait UIInterfaceOrientationLandscapeLeft UIInterfaceOrientationLandscapeRight";
				LD_RUNPATH_SEARCH_PATHS = (
					"$(inherited)",
					"@executable_path/Frameworks",
				);
				MARKETING_VERSION = 1.0;
				PRODUCT_BUNDLE_IDENTIFIER = it.unoone.RickAndMorty;
				PRODUCT_NAME = "$(TARGET_NAME)";
				SWIFT_EMIT_LOC_STRINGS = YES;
				SWIFT_VERSION = 5.0;
				TARGETED_DEVICE_FAMILY = "1,2";
			};
			name = Debug;
		};
		DD29043529A6672800F59B66 /* Release */ = {
			isa = XCBuildConfiguration;
			buildSettings = {
				ASSETCATALOG_COMPILER_APPICON_NAME = AppIcon;
				ASSETCATALOG_COMPILER_GLOBAL_ACCENT_COLOR_NAME = AccentColor;
				CODE_SIGN_STYLE = Automatic;
				CURRENT_PROJECT_VERSION = 1;
				GENERATE_INFOPLIST_FILE = YES;
				INFOPLIST_FILE = RickAndMorty/Info.plist;
				INFOPLIST_KEY_UIApplicationSupportsIndirectInputEvents = YES;
				INFOPLIST_KEY_UILaunchStoryboardName = LaunchScreen;
				INFOPLIST_KEY_UISupportedInterfaceOrientations_iPad = "UIInterfaceOrientationPortrait UIInterfaceOrientationPortraitUpsideDown UIInterfaceOrientationLandscapeLeft UIInterfaceOrientationLandscapeRight";
				INFOPLIST_KEY_UISupportedInterfaceOrientations_iPhone = "UIInterfaceOrientationPortrait UIInterfaceOrientationLandscapeLeft UIInterfaceOrientationLandscapeRight";
				LD_RUNPATH_SEARCH_PATHS = (
					"$(inherited)",
					"@executable_path/Frameworks",
				);
				MARKETING_VERSION = 1.0;
				PRODUCT_BUNDLE_IDENTIFIER = it.unoone.RickAndMorty;
				PRODUCT_NAME = "$(TARGET_NAME)";
				SWIFT_EMIT_LOC_STRINGS = YES;
				SWIFT_VERSION = 5.0;
				TARGETED_DEVICE_FAMILY = "1,2";
			};
			name = Release;
		};
/* End XCBuildConfiguration section */

/* Begin XCConfigurationList section */
		DD29041A29A6672500F59B66 /* Build configuration list for PBXProject "RickAndMorty" */ = {
			isa = XCConfigurationList;
			buildConfigurations = (
				DD29043129A6672800F59B66 /* Debug */,
				DD29043229A6672800F59B66 /* Release */,
			);
			defaultConfigurationIsVisible = 0;
			defaultConfigurationName = Release;
		};
		DD29043329A6672800F59B66 /* Build configuration list for PBXNativeTarget "RickAndMorty" */ = {
			isa = XCConfigurationList;
			buildConfigurations = (
				DD29043429A6672800F59B66 /* Debug */,
				DD29043529A6672800F59B66 /* Release */,
			);
			defaultConfigurationIsVisible = 0;
			defaultConfigurationName = Release;
		};
/* End XCConfigurationList section */
	};
	rootObject = DD29041729A6672500F59B66 /* Project object */;
}
