// !$*UTF8*$!
{
	archiveVersion = 1;
	classes = {
	};
	objectVersion = 56;
	objects = {

/* Begin PBXBuildFile section */
		DD2102C029AF4357004F87BF /* RMSearchViewController.swift in Sources */ = {isa = PBXBuildFile; fileRef = DD2102BF29AF4357004F87BF /* RMSearchViewController.swift */; };
		DD2102C329AF51D4004F87BF /* RMEpisodeInfoCollectionViewCell.swift in Sources */ = {isa = PBXBuildFile; fileRef = DD2102C229AF51D4004F87BF /* RMEpisodeInfoCollectionViewCell.swift */; };
		DD2102C629AF51FC004F87BF /* RMEpisodeInfoCollectionViewCellViewModel.swift in Sources */ = {isa = PBXBuildFile; fileRef = DD2102C529AF51FC004F87BF /* RMEpisodeInfoCollectionViewCellViewModel.swift */; };
		DD29042329A6672500F59B66 /* AppDelegate.swift in Sources */ = {isa = PBXBuildFile; fileRef = DD29042229A6672500F59B66 /* AppDelegate.swift */; };
		DD29042529A6672500F59B66 /* SceneDelegate.swift in Sources */ = {isa = PBXBuildFile; fileRef = DD29042429A6672500F59B66 /* SceneDelegate.swift */; };
		DD29042729A6672500F59B66 /* RMTabBarController.swift in Sources */ = {isa = PBXBuildFile; fileRef = DD29042629A6672500F59B66 /* RMTabBarController.swift */; };
		DD29042C29A6672800F59B66 /* Assets.xcassets in Resources */ = {isa = PBXBuildFile; fileRef = DD29042B29A6672800F59B66 /* Assets.xcassets */; };
		DD29042F29A6672800F59B66 /* LaunchScreen.storyboard in Resources */ = {isa = PBXBuildFile; fileRef = DD29042D29A6672800F59B66 /* LaunchScreen.storyboard */; };
		DD29043E29A668C500F59B66 /* RMLocation.swift in Sources */ = {isa = PBXBuildFile; fileRef = DD29043D29A668C500F59B66 /* RMLocation.swift */; };
		DD29044029A668D100F59B66 /* RMCharacter.swift in Sources */ = {isa = PBXBuildFile; fileRef = DD29043F29A668D100F59B66 /* RMCharacter.swift */; };
		DD29044229A668D800F59B66 /* RMEpisode.swift in Sources */ = {isa = PBXBuildFile; fileRef = DD29044129A668D800F59B66 /* RMEpisode.swift */; };
		DD29044529A6693A00F59B66 /* RMCharacterViewController.swift in Sources */ = {isa = PBXBuildFile; fileRef = DD29044429A6693A00F59B66 /* RMCharacterViewController.swift */; };
		DD29044729A6695B00F59B66 /* RMLocationViewController.swift in Sources */ = {isa = PBXBuildFile; fileRef = DD29044629A6695B00F59B66 /* RMLocationViewController.swift */; };
		DD29044929A6696D00F59B66 /* RMEpisodeViewController.swift in Sources */ = {isa = PBXBuildFile; fileRef = DD29044829A6696D00F59B66 /* RMEpisodeViewController.swift */; };
		DD29044B29A6698000F59B66 /* RMSettingsViewController.swift in Sources */ = {isa = PBXBuildFile; fileRef = DD29044A29A6698000F59B66 /* RMSettingsViewController.swift */; };
		DD29044D29A66FC200F59B66 /* RMService.swift in Sources */ = {isa = PBXBuildFile; fileRef = DD29044C29A66FC200F59B66 /* RMService.swift */; };
		DD29044F29A66FD200F59B66 /* RMRequest.swift in Sources */ = {isa = PBXBuildFile; fileRef = DD29044E29A66FD200F59B66 /* RMRequest.swift */; };
		DD29045129A6705900F59B66 /* RMEndpoint.swift in Sources */ = {isa = PBXBuildFile; fileRef = DD29045029A6705900F59B66 /* RMEndpoint.swift */; };
		DD29045329A6743400F59B66 /* RMOrigin.swift in Sources */ = {isa = PBXBuildFile; fileRef = DD29045229A6743400F59B66 /* RMOrigin.swift */; };
		DD29045529A6748500F59B66 /* RMSingleLocation.swift in Sources */ = {isa = PBXBuildFile; fileRef = DD29045429A6748500F59B66 /* RMSingleLocation.swift */; };
		DD29045729A6755C00F59B66 /* RMCharacterStatus.swift in Sources */ = {isa = PBXBuildFile; fileRef = DD29045629A6755C00F59B66 /* RMCharacterStatus.swift */; };
		DD29045929A6758400F59B66 /* RMCharacterGender.swift in Sources */ = {isa = PBXBuildFile; fileRef = DD29045829A6758400F59B66 /* RMCharacterGender.swift */; };
		DD29045D29A67F4300F59B66 /* RMGetAllCharactersResponse.swift in Sources */ = {isa = PBXBuildFile; fileRef = DD29045C29A67F4300F59B66 /* RMGetAllCharactersResponse.swift */; };
		DD4D1F0429AE5270002E0AE6 /* RMEpisodeDetailViewController.swift in Sources */ = {isa = PBXBuildFile; fileRef = DD4D1F0329AE5270002E0AE6 /* RMEpisodeDetailViewController.swift */; };
		DD4D1F0629AE5593002E0AE6 /* RMAPICacheManager.swift in Sources */ = {isa = PBXBuildFile; fileRef = DD4D1F0529AE5593002E0AE6 /* RMAPICacheManager.swift */; };
		DD4D1F0829AE59C8002E0AE6 /* RMEpisodeDetailViewViewModel.swift in Sources */ = {isa = PBXBuildFile; fileRef = DD4D1F0729AE59C8002E0AE6 /* RMEpisodeDetailViewViewModel.swift */; };
		DD4D1F0A29AE59F9002E0AE6 /* RMEpisodeDetailView.swift in Sources */ = {isa = PBXBuildFile; fileRef = DD4D1F0929AE59F9002E0AE6 /* RMEpisodeDetailView.swift */; };
		DD4D1F0D29AE5B65002E0AE6 /* RMEpisodeListView.swift in Sources */ = {isa = PBXBuildFile; fileRef = DD4D1F0C29AE5B65002E0AE6 /* RMEpisodeListView.swift */; };
		DD4D1F0F29AE5CE7002E0AE6 /* RMEpisodeListViewViewModel.swift in Sources */ = {isa = PBXBuildFile; fileRef = DD4D1F0E29AE5CE7002E0AE6 /* RMEpisodeListViewViewModel.swift */; };
		DD4D1F1129AE5F31002E0AE6 /* RMGetAllEpisodesResponse.swift in Sources */ = {isa = PBXBuildFile; fileRef = DD4D1F1029AE5F31002E0AE6 /* RMGetAllEpisodesResponse.swift */; };
		DD51AFBD29B63EBE003B719A /* RMSearchOptionPickerViewController.swift in Sources */ = {isa = PBXBuildFile; fileRef = DD51AFBC29B63EBE003B719A /* RMSearchOptionPickerViewController.swift */; };
		DD74DE0829B23BF1000A0958 /* RMLocationDetailViewController.swift in Sources */ = {isa = PBXBuildFile; fileRef = DD74DE0729B23BF1000A0958 /* RMLocationDetailViewController.swift */; };
		DD74DE0B29B23D25000A0958 /* RMLocationDetailView.swift in Sources */ = {isa = PBXBuildFile; fileRef = DD74DE0A29B23D25000A0958 /* RMLocationDetailView.swift */; };
		DD74DE0D29B23DBC000A0958 /* RMLocationDetailViewViewModel.swift in Sources */ = {isa = PBXBuildFile; fileRef = DD74DE0C29B23DBC000A0958 /* RMLocationDetailViewViewModel.swift */; };
		DD74DE1029B252F5000A0958 /* RMSearchView.swift in Sources */ = {isa = PBXBuildFile; fileRef = DD74DE0F29B252F5000A0958 /* RMSearchView.swift */; };
		DD74DE1229B25354000A0958 /* RMSearchViewViewModel.swift in Sources */ = {isa = PBXBuildFile; fileRef = DD74DE1129B25354000A0958 /* RMSearchViewViewModel.swift */; };
		DD74DE1429B255EF000A0958 /* RMNoSearchResultsView.swift in Sources */ = {isa = PBXBuildFile; fileRef = DD74DE1329B255EF000A0958 /* RMNoSearchResultsView.swift */; };
		DD74DE1729B25613000A0958 /* RMNoSearchResultsViewViewModel.swift in Sources */ = {isa = PBXBuildFile; fileRef = DD74DE1629B25613000A0958 /* RMNoSearchResultsViewViewModel.swift */; };
		DD74DE1929B25647000A0958 /* RMSearchInputView.swift in Sources */ = {isa = PBXBuildFile; fileRef = DD74DE1829B25647000A0958 /* RMSearchInputView.swift */; };
		DD74DE1B29B25659000A0958 /* RMSearchInputViewViewModel.swift in Sources */ = {isa = PBXBuildFile; fileRef = DD74DE1A29B25659000A0958 /* RMSearchInputViewViewModel.swift */; };
		DD79BD6A29AFA214004D9952 /* RMSettingsViewViewModel.swift in Sources */ = {isa = PBXBuildFile; fileRef = DD79BD6929AFA214004D9952 /* RMSettingsViewViewModel.swift */; };
		DD79BD6C29AFA254004D9952 /* RMSettingsCellViewModel.swift in Sources */ = {isa = PBXBuildFile; fileRef = DD79BD6B29AFA254004D9952 /* RMSettingsCellViewModel.swift */; };
		DD79BD6E29AFA2D4004D9952 /* RMSettingsOption.swift in Sources */ = {isa = PBXBuildFile; fileRef = DD79BD6D29AFA2D4004D9952 /* RMSettingsOption.swift */; };
		DDBB398729B0EC4D005203BD /* RMLocationView.swift in Sources */ = {isa = PBXBuildFile; fileRef = DDBB398629B0EC4D005203BD /* RMLocationView.swift */; };
		DDBB398929B0EDBA005203BD /* RMLocationViewViewModel.swift in Sources */ = {isa = PBXBuildFile; fileRef = DDBB398829B0EDBA005203BD /* RMLocationViewViewModel.swift */; };
		DDBB398B29B0FD42005203BD /* RMGetAllLocationsResponse.swift in Sources */ = {isa = PBXBuildFile; fileRef = DDBB398A29B0FD42005203BD /* RMGetAllLocationsResponse.swift */; };
		DDBB398D29B0FEB7005203BD /* RMLocationTableViewCell.swift in Sources */ = {isa = PBXBuildFile; fileRef = DDBB398C29B0FEB7005203BD /* RMLocationTableViewCell.swift */; };
		DDBB399029B0FF19005203BD /* RMLocationTableViewCellViewModel.swift in Sources */ = {isa = PBXBuildFile; fileRef = DDBB398F29B0FF19005203BD /* RMLocationTableViewCellViewModel.swift */; };
		DDCA1B5F29B8A004001F9B92 /* RMSearchResultViewModel.swift in Sources */ = {isa = PBXBuildFile; fileRef = DDCA1B5E29B8A004001F9B92 /* RMSearchResultViewModel.swift */; };
		DDD2D6B929AE08C700F05108 /* RMCharacterPhotoCollectionViewCell.swift in Sources */ = {isa = PBXBuildFile; fileRef = DDD2D6B829AE08C700F05108 /* RMCharacterPhotoCollectionViewCell.swift */; };
		DDD2D6BB29AE08DA00F05108 /* RMCharacterInfoCollectionViewCell.swift in Sources */ = {isa = PBXBuildFile; fileRef = DDD2D6BA29AE08DA00F05108 /* RMCharacterInfoCollectionViewCell.swift */; };
		DDD2D6BD29AE08E700F05108 /* RMCharacterEpisodeCollectionViewCell.swift in Sources */ = {isa = PBXBuildFile; fileRef = DDD2D6BC29AE08E700F05108 /* RMCharacterEpisodeCollectionViewCell.swift */; };
		DDD2D6C029AE092700F05108 /* RMCharacterPhotoCollectionViewCellViewModel.swift in Sources */ = {isa = PBXBuildFile; fileRef = DDD2D6BF29AE092700F05108 /* RMCharacterPhotoCollectionViewCellViewModel.swift */; };
		DDD2D6C229AE094300F05108 /* RMCharacterInfoCollectionViewCellViewModel.swift in Sources */ = {isa = PBXBuildFile; fileRef = DDD2D6C129AE094300F05108 /* RMCharacterInfoCollectionViewCellViewModel.swift */; };
		DDD2D6C429AE094D00F05108 /* RMCharacterEpisodeCollectionViewCellViewModel.swift in Sources */ = {isa = PBXBuildFile; fileRef = DDD2D6C329AE094D00F05108 /* RMCharacterEpisodeCollectionViewCellViewModel.swift */; };
		DDEF8F8929A7595E0043795A /* RMCharacterListViewViewModel.swift in Sources */ = {isa = PBXBuildFile; fileRef = DDEF8F8829A7595E0043795A /* RMCharacterListViewViewModel.swift */; };
		DDEF8F8B29A759AC0043795A /* RMCharacterListView.swift in Sources */ = {isa = PBXBuildFile; fileRef = DDEF8F8A29A759AC0043795A /* RMCharacterListView.swift */; };
		DDEF8F8D29A75F8F0043795A /* Extensions.swift in Sources */ = {isa = PBXBuildFile; fileRef = DDEF8F8C29A75F8F0043795A /* Extensions.swift */; };
		DDEF8F8F29A767F30043795A /* RMCharacterCollectionViewCell.swift in Sources */ = {isa = PBXBuildFile; fileRef = DDEF8F8E29A767F30043795A /* RMCharacterCollectionViewCell.swift */; };
		DDEF8F9129A769100043795A /* RMCharacterCollectionViewCellViewModel.swift in Sources */ = {isa = PBXBuildFile; fileRef = DDEF8F9029A769100043795A /* RMCharacterCollectionViewCellViewModel.swift */; };
		DDEF8F9429A78A090043795A /* RMCharacterDetailViewController.swift in Sources */ = {isa = PBXBuildFile; fileRef = DDEF8F9329A78A090043795A /* RMCharacterDetailViewController.swift */; };
		DDEF8F9629A78A6D0043795A /* RMCharacterDetailView.swift in Sources */ = {isa = PBXBuildFile; fileRef = DDEF8F9529A78A6D0043795A /* RMCharacterDetailView.swift */; };
		DDEF8F9829A78A790043795A /* RMCharacterDetailViewViewModel.swift in Sources */ = {isa = PBXBuildFile; fileRef = DDEF8F9729A78A790043795A /* RMCharacterDetailViewViewModel.swift */; };
		DDEF8F9A29A7B9310043795A /* RMFooterLoadingCollectionReusableView.swift in Sources */ = {isa = PBXBuildFile; fileRef = DDEF8F9929A7B9310043795A /* RMFooterLoadingCollectionReusableView.swift */; };
		DDEF8F9C29A7CC430043795A /* RMImageLoader.swift in Sources */ = {isa = PBXBuildFile; fileRef = DDEF8F9B29A7CC430043795A /* RMImageLoader.swift */; };
		DDF12BD729B094E9009DFBD5 /* RMSettingsView.swift in Sources */ = {isa = PBXBuildFile; fileRef = DDF12BD629B094E9009DFBD5 /* RMSettingsView.swift */; };
/* End PBXBuildFile section */

/* Begin PBXFileReference section */
		DD2102BF29AF4357004F87BF /* RMSearchViewController.swift */ = {isa = PBXFileReference; lastKnownFileType = sourcecode.swift; path = RMSearchViewController.swift; sourceTree = "<group>"; };
		DD2102C229AF51D4004F87BF /* RMEpisodeInfoCollectionViewCell.swift */ = {isa = PBXFileReference; lastKnownFileType = sourcecode.swift; path = RMEpisodeInfoCollectionViewCell.swift; sourceTree = "<group>"; };
		DD2102C529AF51FC004F87BF /* RMEpisodeInfoCollectionViewCellViewModel.swift */ = {isa = PBXFileReference; lastKnownFileType = sourcecode.swift; path = RMEpisodeInfoCollectionViewCellViewModel.swift; sourceTree = "<group>"; };
		DD29041F29A6672500F59B66 /* RickAndMorty.app */ = {isa = PBXFileReference; explicitFileType = wrapper.application; includeInIndex = 0; path = RickAndMorty.app; sourceTree = BUILT_PRODUCTS_DIR; };
		DD29042229A6672500F59B66 /* AppDelegate.swift */ = {isa = PBXFileReference; lastKnownFileType = sourcecode.swift; path = AppDelegate.swift; sourceTree = "<group>"; };
		DD29042429A6672500F59B66 /* SceneDelegate.swift */ = {isa = PBXFileReference; lastKnownFileType = sourcecode.swift; path = SceneDelegate.swift; sourceTree = "<group>"; };
		DD29042629A6672500F59B66 /* RMTabBarController.swift */ = {isa = PBXFileReference; lastKnownFileType = sourcecode.swift; path = RMTabBarController.swift; sourceTree = "<group>"; };
		DD29042B29A6672800F59B66 /* Assets.xcassets */ = {isa = PBXFileReference; lastKnownFileType = folder.assetcatalog; path = Assets.xcassets; sourceTree = "<group>"; };
		DD29042E29A6672800F59B66 /* Base */ = {isa = PBXFileReference; lastKnownFileType = file.storyboard; name = Base; path = Base.lproj/LaunchScreen.storyboard; sourceTree = "<group>"; };
		DD29043029A6672800F59B66 /* Info.plist */ = {isa = PBXFileReference; lastKnownFileType = text.plist.xml; path = Info.plist; sourceTree = "<group>"; };
		DD29043D29A668C500F59B66 /* RMLocation.swift */ = {isa = PBXFileReference; lastKnownFileType = sourcecode.swift; path = RMLocation.swift; sourceTree = "<group>"; };
		DD29043F29A668D100F59B66 /* RMCharacter.swift */ = {isa = PBXFileReference; lastKnownFileType = sourcecode.swift; path = RMCharacter.swift; sourceTree = "<group>"; };
		DD29044129A668D800F59B66 /* RMEpisode.swift */ = {isa = PBXFileReference; lastKnownFileType = sourcecode.swift; path = RMEpisode.swift; sourceTree = "<group>"; };
		DD29044429A6693A00F59B66 /* RMCharacterViewController.swift */ = {isa = PBXFileReference; lastKnownFileType = sourcecode.swift; path = RMCharacterViewController.swift; sourceTree = "<group>"; };
		DD29044629A6695B00F59B66 /* RMLocationViewController.swift */ = {isa = PBXFileReference; lastKnownFileType = sourcecode.swift; path = RMLocationViewController.swift; sourceTree = "<group>"; };
		DD29044829A6696D00F59B66 /* RMEpisodeViewController.swift */ = {isa = PBXFileReference; lastKnownFileType = sourcecode.swift; path = RMEpisodeViewController.swift; sourceTree = "<group>"; };
		DD29044A29A6698000F59B66 /* RMSettingsViewController.swift */ = {isa = PBXFileReference; lastKnownFileType = sourcecode.swift; path = RMSettingsViewController.swift; sourceTree = "<group>"; };
		DD29044C29A66FC200F59B66 /* RMService.swift */ = {isa = PBXFileReference; lastKnownFileType = sourcecode.swift; path = RMService.swift; sourceTree = "<group>"; };
		DD29044E29A66FD200F59B66 /* RMRequest.swift */ = {isa = PBXFileReference; lastKnownFileType = sourcecode.swift; path = RMRequest.swift; sourceTree = "<group>"; };
		DD29045029A6705900F59B66 /* RMEndpoint.swift */ = {isa = PBXFileReference; lastKnownFileType = sourcecode.swift; path = RMEndpoint.swift; sourceTree = "<group>"; };
		DD29045229A6743400F59B66 /* RMOrigin.swift */ = {isa = PBXFileReference; lastKnownFileType = sourcecode.swift; path = RMOrigin.swift; sourceTree = "<group>"; };
		DD29045429A6748500F59B66 /* RMSingleLocation.swift */ = {isa = PBXFileReference; lastKnownFileType = sourcecode.swift; path = RMSingleLocation.swift; sourceTree = "<group>"; };
		DD29045629A6755C00F59B66 /* RMCharacterStatus.swift */ = {isa = PBXFileReference; lastKnownFileType = sourcecode.swift; path = RMCharacterStatus.swift; sourceTree = "<group>"; };
		DD29045829A6758400F59B66 /* RMCharacterGender.swift */ = {isa = PBXFileReference; lastKnownFileType = sourcecode.swift; path = RMCharacterGender.swift; sourceTree = "<group>"; };
		DD29045C29A67F4300F59B66 /* RMGetAllCharactersResponse.swift */ = {isa = PBXFileReference; lastKnownFileType = sourcecode.swift; path = RMGetAllCharactersResponse.swift; sourceTree = "<group>"; };
		DD4D1F0329AE5270002E0AE6 /* RMEpisodeDetailViewController.swift */ = {isa = PBXFileReference; lastKnownFileType = sourcecode.swift; path = RMEpisodeDetailViewController.swift; sourceTree = "<group>"; };
		DD4D1F0529AE5593002E0AE6 /* RMAPICacheManager.swift */ = {isa = PBXFileReference; lastKnownFileType = sourcecode.swift; path = RMAPICacheManager.swift; sourceTree = "<group>"; };
		DD4D1F0729AE59C8002E0AE6 /* RMEpisodeDetailViewViewModel.swift */ = {isa = PBXFileReference; lastKnownFileType = sourcecode.swift; path = RMEpisodeDetailViewViewModel.swift; sourceTree = "<group>"; };
		DD4D1F0929AE59F9002E0AE6 /* RMEpisodeDetailView.swift */ = {isa = PBXFileReference; lastKnownFileType = sourcecode.swift; path = RMEpisodeDetailView.swift; sourceTree = "<group>"; };
		DD4D1F0C29AE5B65002E0AE6 /* RMEpisodeListView.swift */ = {isa = PBXFileReference; lastKnownFileType = sourcecode.swift; path = RMEpisodeListView.swift; sourceTree = "<group>"; };
		DD4D1F0E29AE5CE7002E0AE6 /* RMEpisodeListViewViewModel.swift */ = {isa = PBXFileReference; lastKnownFileType = sourcecode.swift; path = RMEpisodeListViewViewModel.swift; sourceTree = "<group>"; };
		DD4D1F1029AE5F31002E0AE6 /* RMGetAllEpisodesResponse.swift */ = {isa = PBXFileReference; lastKnownFileType = sourcecode.swift; path = RMGetAllEpisodesResponse.swift; sourceTree = "<group>"; };
		DD51AFBC29B63EBE003B719A /* RMSearchOptionPickerViewController.swift */ = {isa = PBXFileReference; lastKnownFileType = sourcecode.swift; path = RMSearchOptionPickerViewController.swift; sourceTree = "<group>"; };
		DD74DE0729B23BF1000A0958 /* RMLocationDetailViewController.swift */ = {isa = PBXFileReference; lastKnownFileType = sourcecode.swift; path = RMLocationDetailViewController.swift; sourceTree = "<group>"; };
		DD74DE0A29B23D25000A0958 /* RMLocationDetailView.swift */ = {isa = PBXFileReference; lastKnownFileType = sourcecode.swift; path = RMLocationDetailView.swift; sourceTree = "<group>"; };
		DD74DE0C29B23DBC000A0958 /* RMLocationDetailViewViewModel.swift */ = {isa = PBXFileReference; lastKnownFileType = sourcecode.swift; path = RMLocationDetailViewViewModel.swift; sourceTree = "<group>"; };
		DD74DE0F29B252F5000A0958 /* RMSearchView.swift */ = {isa = PBXFileReference; lastKnownFileType = sourcecode.swift; path = RMSearchView.swift; sourceTree = "<group>"; };
		DD74DE1129B25354000A0958 /* RMSearchViewViewModel.swift */ = {isa = PBXFileReference; lastKnownFileType = sourcecode.swift; path = RMSearchViewViewModel.swift; sourceTree = "<group>"; };
		DD74DE1329B255EF000A0958 /* RMNoSearchResultsView.swift */ = {isa = PBXFileReference; lastKnownFileType = sourcecode.swift; path = RMNoSearchResultsView.swift; sourceTree = "<group>"; };
		DD74DE1629B25613000A0958 /* RMNoSearchResultsViewViewModel.swift */ = {isa = PBXFileReference; lastKnownFileType = sourcecode.swift; path = RMNoSearchResultsViewViewModel.swift; sourceTree = "<group>"; };
		DD74DE1829B25647000A0958 /* RMSearchInputView.swift */ = {isa = PBXFileReference; lastKnownFileType = sourcecode.swift; path = RMSearchInputView.swift; sourceTree = "<group>"; };
		DD74DE1A29B25659000A0958 /* RMSearchInputViewViewModel.swift */ = {isa = PBXFileReference; lastKnownFileType = sourcecode.swift; path = RMSearchInputViewViewModel.swift; sourceTree = "<group>"; };
		DD79BD6929AFA214004D9952 /* RMSettingsViewViewModel.swift */ = {isa = PBXFileReference; lastKnownFileType = sourcecode.swift; path = RMSettingsViewViewModel.swift; sourceTree = "<group>"; };
		DD79BD6B29AFA254004D9952 /* RMSettingsCellViewModel.swift */ = {isa = PBXFileReference; lastKnownFileType = sourcecode.swift; path = RMSettingsCellViewModel.swift; sourceTree = "<group>"; };
		DD79BD6D29AFA2D4004D9952 /* RMSettingsOption.swift */ = {isa = PBXFileReference; lastKnownFileType = sourcecode.swift; path = RMSettingsOption.swift; sourceTree = "<group>"; };
		DDBB398629B0EC4D005203BD /* RMLocationView.swift */ = {isa = PBXFileReference; lastKnownFileType = sourcecode.swift; path = RMLocationView.swift; sourceTree = "<group>"; };
		DDBB398829B0EDBA005203BD /* RMLocationViewViewModel.swift */ = {isa = PBXFileReference; lastKnownFileType = sourcecode.swift; path = RMLocationViewViewModel.swift; sourceTree = "<group>"; };
		DDBB398A29B0FD42005203BD /* RMGetAllLocationsResponse.swift */ = {isa = PBXFileReference; lastKnownFileType = sourcecode.swift; path = RMGetAllLocationsResponse.swift; sourceTree = "<group>"; };
		DDBB398C29B0FEB7005203BD /* RMLocationTableViewCell.swift */ = {isa = PBXFileReference; lastKnownFileType = sourcecode.swift; path = RMLocationTableViewCell.swift; sourceTree = "<group>"; };
		DDBB398F29B0FF19005203BD /* RMLocationTableViewCellViewModel.swift */ = {isa = PBXFileReference; lastKnownFileType = sourcecode.swift; path = RMLocationTableViewCellViewModel.swift; sourceTree = "<group>"; };
		DDCA1B5E29B8A004001F9B92 /* RMSearchResultViewModel.swift */ = {isa = PBXFileReference; lastKnownFileType = sourcecode.swift; path = RMSearchResultViewModel.swift; sourceTree = "<group>"; };
		DDD2D6B829AE08C700F05108 /* RMCharacterPhotoCollectionViewCell.swift */ = {isa = PBXFileReference; lastKnownFileType = sourcecode.swift; path = RMCharacterPhotoCollectionViewCell.swift; sourceTree = "<group>"; };
		DDD2D6BA29AE08DA00F05108 /* RMCharacterInfoCollectionViewCell.swift */ = {isa = PBXFileReference; lastKnownFileType = sourcecode.swift; path = RMCharacterInfoCollectionViewCell.swift; sourceTree = "<group>"; };
		DDD2D6BC29AE08E700F05108 /* RMCharacterEpisodeCollectionViewCell.swift */ = {isa = PBXFileReference; lastKnownFileType = sourcecode.swift; path = RMCharacterEpisodeCollectionViewCell.swift; sourceTree = "<group>"; };
		DDD2D6BF29AE092700F05108 /* RMCharacterPhotoCollectionViewCellViewModel.swift */ = {isa = PBXFileReference; lastKnownFileType = sourcecode.swift; path = RMCharacterPhotoCollectionViewCellViewModel.swift; sourceTree = "<group>"; };
		DDD2D6C129AE094300F05108 /* RMCharacterInfoCollectionViewCellViewModel.swift */ = {isa = PBXFileReference; lastKnownFileType = sourcecode.swift; path = RMCharacterInfoCollectionViewCellViewModel.swift; sourceTree = "<group>"; };
		DDD2D6C329AE094D00F05108 /* RMCharacterEpisodeCollectionViewCellViewModel.swift */ = {isa = PBXFileReference; lastKnownFileType = sourcecode.swift; path = RMCharacterEpisodeCollectionViewCellViewModel.swift; sourceTree = "<group>"; };
		DDEF8F8829A7595E0043795A /* RMCharacterListViewViewModel.swift */ = {isa = PBXFileReference; lastKnownFileType = sourcecode.swift; path = RMCharacterListViewViewModel.swift; sourceTree = "<group>"; };
		DDEF8F8A29A759AC0043795A /* RMCharacterListView.swift */ = {isa = PBXFileReference; lastKnownFileType = sourcecode.swift; path = RMCharacterListView.swift; sourceTree = "<group>"; };
		DDEF8F8C29A75F8F0043795A /* Extensions.swift */ = {isa = PBXFileReference; lastKnownFileType = sourcecode.swift; path = Extensions.swift; sourceTree = "<group>"; };
		DDEF8F8E29A767F30043795A /* RMCharacterCollectionViewCell.swift */ = {isa = PBXFileReference; lastKnownFileType = sourcecode.swift; path = RMCharacterCollectionViewCell.swift; sourceTree = "<group>"; };
		DDEF8F9029A769100043795A /* RMCharacterCollectionViewCellViewModel.swift */ = {isa = PBXFileReference; lastKnownFileType = sourcecode.swift; path = RMCharacterCollectionViewCellViewModel.swift; sourceTree = "<group>"; };
		DDEF8F9329A78A090043795A /* RMCharacterDetailViewController.swift */ = {isa = PBXFileReference; lastKnownFileType = sourcecode.swift; path = RMCharacterDetailViewController.swift; sourceTree = "<group>"; };
		DDEF8F9529A78A6D0043795A /* RMCharacterDetailView.swift */ = {isa = PBXFileReference; lastKnownFileType = sourcecode.swift; path = RMCharacterDetailView.swift; sourceTree = "<group>"; };
		DDEF8F9729A78A790043795A /* RMCharacterDetailViewViewModel.swift */ = {isa = PBXFileReference; lastKnownFileType = sourcecode.swift; path = RMCharacterDetailViewViewModel.swift; sourceTree = "<group>"; };
		DDEF8F9929A7B9310043795A /* RMFooterLoadingCollectionReusableView.swift */ = {isa = PBXFileReference; lastKnownFileType = sourcecode.swift; path = RMFooterLoadingCollectionReusableView.swift; sourceTree = "<group>"; };
		DDEF8F9B29A7CC430043795A /* RMImageLoader.swift */ = {isa = PBXFileReference; lastKnownFileType = sourcecode.swift; path = RMImageLoader.swift; sourceTree = "<group>"; };
		DDF12BD629B094E9009DFBD5 /* RMSettingsView.swift */ = {isa = PBXFileReference; lastKnownFileType = sourcecode.swift; path = RMSettingsView.swift; sourceTree = "<group>"; };
/* End PBXFileReference section */

/* Begin PBXFrameworksBuildPhase section */
		DD29041C29A6672500F59B66 /* Frameworks */ = {
			isa = PBXFrameworksBuildPhase;
			buildActionMask = 2147483647;
			files = (
			);
			runOnlyForDeploymentPostprocessing = 0;
		};
/* End PBXFrameworksBuildPhase section */

/* Begin PBXGroup section */
		DD2102C129AF51AC004F87BF /* EpisodeDetails */ = {
			isa = PBXGroup;
			children = (
				DD4D1F0929AE59F9002E0AE6 /* RMEpisodeDetailView.swift */,
				DD2102C229AF51D4004F87BF /* RMEpisodeInfoCollectionViewCell.swift */,
			);
			path = EpisodeDetails;
			sourceTree = "<group>";
		};
		DD2102C429AF51E2004F87BF /* EpisodeDetail */ = {
			isa = PBXGroup;
			children = (
				DD4D1F0729AE59C8002E0AE6 /* RMEpisodeDetailViewViewModel.swift */,
				DD2102C529AF51FC004F87BF /* RMEpisodeInfoCollectionViewCellViewModel.swift */,
			);
			path = EpisodeDetail;
			sourceTree = "<group>";
		};
		DD29041629A6672500F59B66 = {
			isa = PBXGroup;
			children = (
				DD29042129A6672500F59B66 /* RickAndMorty */,
				DD29042029A6672500F59B66 /* Products */,
			);
			sourceTree = "<group>";
		};
		DD29042029A6672500F59B66 /* Products */ = {
			isa = PBXGroup;
			children = (
				DD29041F29A6672500F59B66 /* RickAndMorty.app */,
			);
			name = Products;
			sourceTree = "<group>";
		};
		DD29042129A6672500F59B66 /* RickAndMorty */ = {
			isa = PBXGroup;
			children = (
				DD29043C29A6684C00F59B66 /* Resources */,
				DD29043A29A6682F00F59B66 /* Managers */,
				DD29043B29A6683F00F59B66 /* APIClient */,
				DD29043929A6682500F59B66 /* ViewModels */,
				DD29043829A6681F00F59B66 /* Views */,
				DD29043729A6681700F59B66 /* Models */,
				DD29043629A6680A00F59B66 /* Controllers */,
				DD29043029A6672800F59B66 /* Info.plist */,
			);
			path = RickAndMorty;
			sourceTree = "<group>";
		};
		DD29043629A6680A00F59B66 /* Controllers */ = {
			isa = PBXGroup;
			children = (
				DDEF8F9229A789F60043795A /* Other */,
				DD29044329A6691A00F59B66 /* Core */,
			);
			path = Controllers;
			sourceTree = "<group>";
		};
		DD29043729A6681700F59B66 /* Models */ = {
			isa = PBXGroup;
			children = (
				DD29045B29A67F3100F59B66 /* APIResponseTypes */,
				DD29045A29A67F2400F59B66 /* DataTypes */,
			);
			path = Models;
			sourceTree = "<group>";
		};
		DD29043829A6681F00F59B66 /* Views */ = {
			isa = PBXGroup;
			children = (
				DD74DE0E29B252E7000A0958 /* Search */,
				DD74DE0929B23D12000A0958 /* LocationDetails */,
				DDBB398529B0EC37005203BD /* Location */,
				DDF12BD529B094D1009DFBD5 /* SwiftUI */,
				DD2102C129AF51AC004F87BF /* EpisodeDetails */,
				DD4D1F0B29AE5B54002E0AE6 /* Episode */,
				DDD2D6B629AE087300F05108 /* CharacterDetails */,
				DDD2D6B729AE088F00F05108 /* Character */,
				DDEF8F9929A7B9310043795A /* RMFooterLoadingCollectionReusableView.swift */,
			);
			path = Views;
			sourceTree = "<group>";
		};
		DD29043929A6682500F59B66 /* ViewModels */ = {
			isa = PBXGroup;
			children = (
				DD74DE1529B25601000A0958 /* Search */,
				DDBB398E29B0FF06005203BD /* Locations */,
				DD79BD6829AFA201004D9952 /* Settings */,
				DD2102C429AF51E2004F87BF /* EpisodeDetail */,
				DDD2D6BE29AE08F500F05108 /* CharacterDetail */,
				DDEF8F8829A7595E0043795A /* RMCharacterListViewViewModel.swift */,
				DDEF8F9029A769100043795A /* RMCharacterCollectionViewCellViewModel.swift */,
				DD4D1F0E29AE5CE7002E0AE6 /* RMEpisodeListViewViewModel.swift */,
			);
			path = ViewModels;
			sourceTree = "<group>";
		};
		DD29043A29A6682F00F59B66 /* Managers */ = {
			isa = PBXGroup;
			children = (
				DDEF8F9B29A7CC430043795A /* RMImageLoader.swift */,
				DD4D1F0529AE5593002E0AE6 /* RMAPICacheManager.swift */,
			);
			path = Managers;
			sourceTree = "<group>";
		};
		DD29043B29A6683F00F59B66 /* APIClient */ = {
			isa = PBXGroup;
			children = (
				DD29044C29A66FC200F59B66 /* RMService.swift */,
				DD29044E29A66FD200F59B66 /* RMRequest.swift */,
				DD29045029A6705900F59B66 /* RMEndpoint.swift */,
			);
			path = APIClient;
			sourceTree = "<group>";
		};
		DD29043C29A6684C00F59B66 /* Resources */ = {
			isa = PBXGroup;
			children = (
				DD29042229A6672500F59B66 /* AppDelegate.swift */,
				DD29042429A6672500F59B66 /* SceneDelegate.swift */,
				DD29042B29A6672800F59B66 /* Assets.xcassets */,
				DD29042D29A6672800F59B66 /* LaunchScreen.storyboard */,
				DDEF8F8C29A75F8F0043795A /* Extensions.swift */,
			);
			path = Resources;
			sourceTree = "<group>";
		};
		DD29044329A6691A00F59B66 /* Core */ = {
			isa = PBXGroup;
			children = (
				DD29042629A6672500F59B66 /* RMTabBarController.swift */,
				DD29044429A6693A00F59B66 /* RMCharacterViewController.swift */,
				DD29044629A6695B00F59B66 /* RMLocationViewController.swift */,
				DD29044829A6696D00F59B66 /* RMEpisodeViewController.swift */,
				DD29044A29A6698000F59B66 /* RMSettingsViewController.swift */,
			);
			path = Core;
			sourceTree = "<group>";
		};
		DD29045A29A67F2400F59B66 /* DataTypes */ = {
			isa = PBXGroup;
			children = (
				DD29043D29A668C500F59B66 /* RMLocation.swift */,
				DD29043F29A668D100F59B66 /* RMCharacter.swift */,
				DD29044129A668D800F59B66 /* RMEpisode.swift */,
				DD29045229A6743400F59B66 /* RMOrigin.swift */,
				DD29045429A6748500F59B66 /* RMSingleLocation.swift */,
				DD29045629A6755C00F59B66 /* RMCharacterStatus.swift */,
				DD29045829A6758400F59B66 /* RMCharacterGender.swift */,
			);
			path = DataTypes;
			sourceTree = "<group>";
		};
		DD29045B29A67F3100F59B66 /* APIResponseTypes */ = {
			isa = PBXGroup;
			children = (
				DD29045C29A67F4300F59B66 /* RMGetAllCharactersResponse.swift */,
				DD4D1F1029AE5F31002E0AE6 /* RMGetAllEpisodesResponse.swift */,
				DDBB398A29B0FD42005203BD /* RMGetAllLocationsResponse.swift */,
			);
			path = APIResponseTypes;
			sourceTree = "<group>";
		};
		DD4D1F0B29AE5B54002E0AE6 /* Episode */ = {
			isa = PBXGroup;
			children = (
				DD4D1F0C29AE5B65002E0AE6 /* RMEpisodeListView.swift */,
			);
			path = Episode;
			sourceTree = "<group>";
		};
		DD51AFBE29B63F49003B719A /* Search */ = {
			isa = PBXGroup;
			children = (
				DD2102BF29AF4357004F87BF /* RMSearchViewController.swift */,
				DD51AFBC29B63EBE003B719A /* RMSearchOptionPickerViewController.swift */,
			);
			path = Search;
			sourceTree = "<group>";
		};
		DD74DE0929B23D12000A0958 /* LocationDetails */ = {
			isa = PBXGroup;
			children = (
				DD74DE0A29B23D25000A0958 /* RMLocationDetailView.swift */,
			);
			path = LocationDetails;
			sourceTree = "<group>";
		};
		DD74DE0E29B252E7000A0958 /* Search */ = {
			isa = PBXGroup;
			children = (
				DD74DE0F29B252F5000A0958 /* RMSearchView.swift */,
				DD74DE1329B255EF000A0958 /* RMNoSearchResultsView.swift */,
				DD74DE1829B25647000A0958 /* RMSearchInputView.swift */,
			);
			path = Search;
			sourceTree = "<group>";
		};
		DD74DE1529B25601000A0958 /* Search */ = {
			isa = PBXGroup;
			children = (
				DD74DE1129B25354000A0958 /* RMSearchViewViewModel.swift */,
				DD74DE1629B25613000A0958 /* RMNoSearchResultsViewViewModel.swift */,
				DD74DE1A29B25659000A0958 /* RMSearchInputViewViewModel.swift */,
				DDCA1B5E29B8A004001F9B92 /* RMSearchResultViewModel.swift */,
			);
			path = Search;
			sourceTree = "<group>";
		};
		DD79BD6829AFA201004D9952 /* Settings */ = {
			isa = PBXGroup;
			children = (
				DD79BD6929AFA214004D9952 /* RMSettingsViewViewModel.swift */,
				DD79BD6B29AFA254004D9952 /* RMSettingsCellViewModel.swift */,
				DD79BD6D29AFA2D4004D9952 /* RMSettingsOption.swift */,
			);
			path = Settings;
			sourceTree = "<group>";
		};
		DDBB398529B0EC37005203BD /* Location */ = {
			isa = PBXGroup;
			children = (
				DDBB398629B0EC4D005203BD /* RMLocationView.swift */,
				DDBB398C29B0FEB7005203BD /* RMLocationTableViewCell.swift */,
			);
			path = Location;
			sourceTree = "<group>";
		};
		DDBB398E29B0FF06005203BD /* Locations */ = {
			isa = PBXGroup;
			children = (
				DDBB398829B0EDBA005203BD /* RMLocationViewViewModel.swift */,
				DDBB398F29B0FF19005203BD /* RMLocationTableViewCellViewModel.swift */,
				DD74DE0C29B23DBC000A0958 /* RMLocationDetailViewViewModel.swift */,
			);
			path = Locations;
			sourceTree = "<group>";
		};
		DDD2D6B629AE087300F05108 /* CharacterDetails */ = {
			isa = PBXGroup;
			children = (
				DDEF8F9529A78A6D0043795A /* RMCharacterDetailView.swift */,
				DDD2D6B829AE08C700F05108 /* RMCharacterPhotoCollectionViewCell.swift */,
				DDD2D6BA29AE08DA00F05108 /* RMCharacterInfoCollectionViewCell.swift */,
				DDD2D6BC29AE08E700F05108 /* RMCharacterEpisodeCollectionViewCell.swift */,
			);
			path = CharacterDetails;
			sourceTree = "<group>";
		};
		DDD2D6B729AE088F00F05108 /* Character */ = {
			isa = PBXGroup;
			children = (
				DDEF8F8A29A759AC0043795A /* RMCharacterListView.swift */,
				DDEF8F8E29A767F30043795A /* RMCharacterCollectionViewCell.swift */,
			);
			path = Character;
			sourceTree = "<group>";
		};
		DDD2D6BE29AE08F500F05108 /* CharacterDetail */ = {
			isa = PBXGroup;
			children = (
				DDEF8F9729A78A790043795A /* RMCharacterDetailViewViewModel.swift */,
				DDD2D6BF29AE092700F05108 /* RMCharacterPhotoCollectionViewCellViewModel.swift */,
				DDD2D6C129AE094300F05108 /* RMCharacterInfoCollectionViewCellViewModel.swift */,
				DDD2D6C329AE094D00F05108 /* RMCharacterEpisodeCollectionViewCellViewModel.swift */,
			);
			path = CharacterDetail;
			sourceTree = "<group>";
		};
		DDEF8F9229A789F60043795A /* Other */ = {
			isa = PBXGroup;
			children = (
				DD51AFBE29B63F49003B719A /* Search */,
				DDEF8F9329A78A090043795A /* RMCharacterDetailViewController.swift */,
				DD4D1F0329AE5270002E0AE6 /* RMEpisodeDetailViewController.swift */,
				DD74DE0729B23BF1000A0958 /* RMLocationDetailViewController.swift */,
			);
			path = Other;
			sourceTree = "<group>";
		};
		DDF12BD529B094D1009DFBD5 /* SwiftUI */ = {
			isa = PBXGroup;
			children = (
				DDF12BD629B094E9009DFBD5 /* RMSettingsView.swift */,
			);
			path = SwiftUI;
			sourceTree = "<group>";
		};
/* End PBXGroup section */

/* Begin PBXNativeTarget section */
		DD29041E29A6672500F59B66 /* RickAndMorty */ = {
			isa = PBXNativeTarget;
			buildConfigurationList = DD29043329A6672800F59B66 /* Build configuration list for PBXNativeTarget "RickAndMorty" */;
			buildPhases = (
				DD29041B29A6672500F59B66 /* Sources */,
				DD29041C29A6672500F59B66 /* Frameworks */,
				DD29041D29A6672500F59B66 /* Resources */,
			);
			buildRules = (
			);
			dependencies = (
			);
			name = RickAndMorty;
			productName = RickAndMorty;
			productReference = DD29041F29A6672500F59B66 /* RickAndMorty.app */;
			productType = "com.apple.product-type.application";
		};
/* End PBXNativeTarget section */

/* Begin PBXProject section */
		DD29041729A6672500F59B66 /* Project object */ = {
			isa = PBXProject;
			attributes = {
				BuildIndependentTargetsInParallel = 1;
				LastSwiftUpdateCheck = 1420;
				LastUpgradeCheck = 1420;
				TargetAttributes = {
					DD29041E29A6672500F59B66 = {
						CreatedOnToolsVersion = 14.2;
					};
				};
			};
			buildConfigurationList = DD29041A29A6672500F59B66 /* Build configuration list for PBXProject "RickAndMorty" */;
			compatibilityVersion = "Xcode 14.0";
			developmentRegion = en;
			hasScannedForEncodings = 0;
			knownRegions = (
				en,
				Base,
			);
			mainGroup = DD29041629A6672500F59B66;
			productRefGroup = DD29042029A6672500F59B66 /* Products */;
			projectDirPath = "";
			projectRoot = "";
			targets = (
				DD29041E29A6672500F59B66 /* RickAndMorty */,
			);
		};
/* End PBXProject section */

/* Begin PBXResourcesBuildPhase section */
		DD29041D29A6672500F59B66 /* Resources */ = {
			isa = PBXResourcesBuildPhase;
			buildActionMask = 2147483647;
			files = (
				DD29042F29A6672800F59B66 /* LaunchScreen.storyboard in Resources */,
				DD29042C29A6672800F59B66 /* Assets.xcassets in Resources */,
			);
			runOnlyForDeploymentPostprocessing = 0;
		};
/* End PBXResourcesBuildPhase section */

/* Begin PBXSourcesBuildPhase section */
		DD29041B29A6672500F59B66 /* Sources */ = {
			isa = PBXSourcesBuildPhase;
			buildActionMask = 2147483647;
			files = (
				DD29045329A6743400F59B66 /* RMOrigin.swift in Sources */,
				DDEF8F9829A78A790043795A /* RMCharacterDetailViewViewModel.swift in Sources */,
				DD29045529A6748500F59B66 /* RMSingleLocation.swift in Sources */,
				DD74DE1429B255EF000A0958 /* RMNoSearchResultsView.swift in Sources */,
				DD2102C029AF4357004F87BF /* RMSearchViewController.swift in Sources */,
				DD74DE1229B25354000A0958 /* RMSearchViewViewModel.swift in Sources */,
				DDEF8F8B29A759AC0043795A /* RMCharacterListView.swift in Sources */,
				DD29045729A6755C00F59B66 /* RMCharacterStatus.swift in Sources */,
				DD29045929A6758400F59B66 /* RMCharacterGender.swift in Sources */,
				DD29044729A6695B00F59B66 /* RMLocationViewController.swift in Sources */,
				DDEF8F9429A78A090043795A /* RMCharacterDetailViewController.swift in Sources */,
				DDEF8F9A29A7B9310043795A /* RMFooterLoadingCollectionReusableView.swift in Sources */,
				DD4D1F0D29AE5B65002E0AE6 /* RMEpisodeListView.swift in Sources */,
				DD29045D29A67F4300F59B66 /* RMGetAllCharactersResponse.swift in Sources */,
				DD29044229A668D800F59B66 /* RMEpisode.swift in Sources */,
				DDBB398B29B0FD42005203BD /* RMGetAllLocationsResponse.swift in Sources */,
				DDD2D6BB29AE08DA00F05108 /* RMCharacterInfoCollectionViewCell.swift in Sources */,
				DDBB398D29B0FEB7005203BD /* RMLocationTableViewCell.swift in Sources */,
				DD79BD6A29AFA214004D9952 /* RMSettingsViewViewModel.swift in Sources */,
				DD29042729A6672500F59B66 /* RMTabBarController.swift in Sources */,
				DDEF8F8F29A767F30043795A /* RMCharacterCollectionViewCell.swift in Sources */,
				DDD2D6C229AE094300F05108 /* RMCharacterInfoCollectionViewCellViewModel.swift in Sources */,
				DD79BD6E29AFA2D4004D9952 /* RMSettingsOption.swift in Sources */,
				DD29044929A6696D00F59B66 /* RMEpisodeViewController.swift in Sources */,
				DD74DE1B29B25659000A0958 /* RMSearchInputViewViewModel.swift in Sources */,
				DDEF8F9C29A7CC430043795A /* RMImageLoader.swift in Sources */,
				DD74DE0829B23BF1000A0958 /* RMLocationDetailViewController.swift in Sources */,
				DD29042329A6672500F59B66 /* AppDelegate.swift in Sources */,
				DD29042529A6672500F59B66 /* SceneDelegate.swift in Sources */,
				DDD2D6B929AE08C700F05108 /* RMCharacterPhotoCollectionViewCell.swift in Sources */,
				DDD2D6C429AE094D00F05108 /* RMCharacterEpisodeCollectionViewCellViewModel.swift in Sources */,
				DD29044B29A6698000F59B66 /* RMSettingsViewController.swift in Sources */,
				DDF12BD729B094E9009DFBD5 /* RMSettingsView.swift in Sources */,
				DDEF8F8D29A75F8F0043795A /* Extensions.swift in Sources */,
				DD74DE1029B252F5000A0958 /* RMSearchView.swift in Sources */,
				DDD2D6C029AE092700F05108 /* RMCharacterPhotoCollectionViewCellViewModel.swift in Sources */,
				DD29044D29A66FC200F59B66 /* RMService.swift in Sources */,
				DD29043E29A668C500F59B66 /* RMLocation.swift in Sources */,
				DD74DE1929B25647000A0958 /* RMSearchInputView.swift in Sources */,
				DD79BD6C29AFA254004D9952 /* RMSettingsCellViewModel.swift in Sources */,
				DD29045129A6705900F59B66 /* RMEndpoint.swift in Sources */,
				DD4D1F0429AE5270002E0AE6 /* RMEpisodeDetailViewController.swift in Sources */,
				DD74DE0D29B23DBC000A0958 /* RMLocationDetailViewViewModel.swift in Sources */,
				DD4D1F0A29AE59F9002E0AE6 /* RMEpisodeDetailView.swift in Sources */,
				DD74DE0B29B23D25000A0958 /* RMLocationDetailView.swift in Sources */,
				DDBB399029B0FF19005203BD /* RMLocationTableViewCellViewModel.swift in Sources */,
				DD51AFBD29B63EBE003B719A /* RMSearchOptionPickerViewController.swift in Sources */,
				DD29044029A668D100F59B66 /* RMCharacter.swift in Sources */,
				DDEF8F9129A769100043795A /* RMCharacterCollectionViewCellViewModel.swift in Sources */,
				DD29044F29A66FD200F59B66 /* RMRequest.swift in Sources */,
				DDEF8F8929A7595E0043795A /* RMCharacterListViewViewModel.swift in Sources */,
				DDD2D6BD29AE08E700F05108 /* RMCharacterEpisodeCollectionViewCell.swift in Sources */,
				DD29044529A6693A00F59B66 /* RMCharacterViewController.swift in Sources */,
				DDBB398729B0EC4D005203BD /* RMLocationView.swift in Sources */,
				DD74DE1729B25613000A0958 /* RMNoSearchResultsViewViewModel.swift in Sources */,
				DD4D1F0F29AE5CE7002E0AE6 /* RMEpisodeListViewViewModel.swift in Sources */,
				DDCA1B5F29B8A004001F9B92 /* RMSearchResultViewModel.swift in Sources */,
				DD4D1F0629AE5593002E0AE6 /* RMAPICacheManager.swift in Sources */,
				DD4D1F1129AE5F31002E0AE6 /* RMGetAllEpisodesResponse.swift in Sources */,
				DD2102C629AF51FC004F87BF /* RMEpisodeInfoCollectionViewCellViewModel.swift in Sources */,
				DD2102C329AF51D4004F87BF /* RMEpisodeInfoCollectionViewCell.swift in Sources */,
				DD4D1F0829AE59C8002E0AE6 /* RMEpisodeDetailViewViewModel.swift in Sources */,
				DDEF8F9629A78A6D0043795A /* RMCharacterDetailView.swift in Sources */,
				DDBB398929B0EDBA005203BD /* RMLocationViewViewModel.swift in Sources */,
			);
			runOnlyForDeploymentPostprocessing = 0;
		};
/* End PBXSourcesBuildPhase section */

/* Begin PBXVariantGroup section */
		DD29042D29A6672800F59B66 /* LaunchScreen.storyboard */ = {
			isa = PBXVariantGroup;
			children = (
				DD29042E29A6672800F59B66 /* Base */,
			);
			name = LaunchScreen.storyboard;
			sourceTree = "<group>";
		};
/* End PBXVariantGroup section */

/* Begin XCBuildConfiguration section */
		DD29043129A6672800F59B66 /* Debug */ = {
			isa = XCBuildConfiguration;
			buildSettings = {
				ALWAYS_SEARCH_USER_PATHS = NO;
				CLANG_ANALYZER_NONNULL = YES;
				CLANG_ANALYZER_NUMBER_OBJECT_CONVERSION = YES_AGGRESSIVE;
				CLANG_CXX_LANGUAGE_STANDARD = "gnu++20";
				CLANG_ENABLE_MODULES = YES;
				CLANG_ENABLE_OBJC_ARC = YES;
				CLANG_ENABLE_OBJC_WEAK = YES;
				CLANG_WARN_BLOCK_CAPTURE_AUTORELEASING = YES;
				CLANG_WARN_BOOL_CONVERSION = YES;
				CLANG_WARN_COMMA = YES;
				CLANG_WARN_CONSTANT_CONVERSION = YES;
				CLANG_WARN_DEPRECATED_OBJC_IMPLEMENTATIONS = YES;
				CLANG_WARN_DIRECT_OBJC_ISA_USAGE = YES_ERROR;
				CLANG_WARN_DOCUMENTATION_COMMENTS = YES;
				CLANG_WARN_EMPTY_BODY = YES;
				CLANG_WARN_ENUM_CONVERSION = YES;
				CLANG_WARN_INFINITE_RECURSION = YES;
				CLANG_WARN_INT_CONVERSION = YES;
				CLANG_WARN_NON_LITERAL_NULL_CONVERSION = YES;
				CLANG_WARN_OBJC_IMPLICIT_RETAIN_SELF = YES;
				CLANG_WARN_OBJC_LITERAL_CONVERSION = YES;
				CLANG_WARN_OBJC_ROOT_CLASS = YES_ERROR;
				CLANG_WARN_QUOTED_INCLUDE_IN_FRAMEWORK_HEADER = YES;
				CLANG_WARN_RANGE_LOOP_ANALYSIS = YES;
				CLANG_WARN_STRICT_PROTOTYPES = YES;
				CLANG_WARN_SUSPICIOUS_MOVE = YES;
				CLANG_WARN_UNGUARDED_AVAILABILITY = YES_AGGRESSIVE;
				CLANG_WARN_UNREACHABLE_CODE = YES;
				CLANG_WARN__DUPLICATE_METHOD_MATCH = YES;
				COPY_PHASE_STRIP = NO;
				DEBUG_INFORMATION_FORMAT = dwarf;
				ENABLE_STRICT_OBJC_MSGSEND = YES;
				ENABLE_TESTABILITY = YES;
				GCC_C_LANGUAGE_STANDARD = gnu11;
				GCC_DYNAMIC_NO_PIC = NO;
				GCC_NO_COMMON_BLOCKS = YES;
				GCC_OPTIMIZATION_LEVEL = 0;
				GCC_PREPROCESSOR_DEFINITIONS = (
					"DEBUG=1",
					"$(inherited)",
				);
				GCC_WARN_64_TO_32_BIT_CONVERSION = YES;
				GCC_WARN_ABOUT_RETURN_TYPE = YES_ERROR;
				GCC_WARN_UNDECLARED_SELECTOR = YES;
				GCC_WARN_UNINITIALIZED_AUTOS = YES_AGGRESSIVE;
				GCC_WARN_UNUSED_FUNCTION = YES;
				GCC_WARN_UNUSED_VARIABLE = YES;
				IPHONEOS_DEPLOYMENT_TARGET = 16.2;
				MTL_ENABLE_DEBUG_INFO = INCLUDE_SOURCE;
				MTL_FAST_MATH = YES;
				ONLY_ACTIVE_ARCH = YES;
				SDKROOT = iphoneos;
				SWIFT_ACTIVE_COMPILATION_CONDITIONS = DEBUG;
				SWIFT_OPTIMIZATION_LEVEL = "-Onone";
			};
			name = Debug;
		};
		DD29043229A6672800F59B66 /* Release */ = {
			isa = XCBuildConfiguration;
			buildSettings = {
				ALWAYS_SEARCH_USER_PATHS = NO;
				CLANG_ANALYZER_NONNULL = YES;
				CLANG_ANALYZER_NUMBER_OBJECT_CONVERSION = YES_AGGRESSIVE;
				CLANG_CXX_LANGUAGE_STANDARD = "gnu++20";
				CLANG_ENABLE_MODULES = YES;
				CLANG_ENABLE_OBJC_ARC = YES;
				CLANG_ENABLE_OBJC_WEAK = YES;
				CLANG_WARN_BLOCK_CAPTURE_AUTORELEASING = YES;
				CLANG_WARN_BOOL_CONVERSION = YES;
				CLANG_WARN_COMMA = YES;
				CLANG_WARN_CONSTANT_CONVERSION = YES;
				CLANG_WARN_DEPRECATED_OBJC_IMPLEMENTATIONS = YES;
				CLANG_WARN_DIRECT_OBJC_ISA_USAGE = YES_ERROR;
				CLANG_WARN_DOCUMENTATION_COMMENTS = YES;
				CLANG_WARN_EMPTY_BODY = YES;
				CLANG_WARN_ENUM_CONVERSION = YES;
				CLANG_WARN_INFINITE_RECURSION = YES;
				CLANG_WARN_INT_CONVERSION = YES;
				CLANG_WARN_NON_LITERAL_NULL_CONVERSION = YES;
				CLANG_WARN_OBJC_IMPLICIT_RETAIN_SELF = YES;
				CLANG_WARN_OBJC_LITERAL_CONVERSION = YES;
				CLANG_WARN_OBJC_ROOT_CLASS = YES_ERROR;
				CLANG_WARN_QUOTED_INCLUDE_IN_FRAMEWORK_HEADER = YES;
				CLANG_WARN_RANGE_LOOP_ANALYSIS = YES;
				CLANG_WARN_STRICT_PROTOTYPES = YES;
				CLANG_WARN_SUSPICIOUS_MOVE = YES;
				CLANG_WARN_UNGUARDED_AVAILABILITY = YES_AGGRESSIVE;
				CLANG_WARN_UNREACHABLE_CODE = YES;
				CLANG_WARN__DUPLICATE_METHOD_MATCH = YES;
				COPY_PHASE_STRIP = NO;
				DEBUG_INFORMATION_FORMAT = "dwarf-with-dsym";
				ENABLE_NS_ASSERTIONS = NO;
				ENABLE_STRICT_OBJC_MSGSEND = YES;
				GCC_C_LANGUAGE_STANDARD = gnu11;
				GCC_NO_COMMON_BLOCKS = YES;
				GCC_WARN_64_TO_32_BIT_CONVERSION = YES;
				GCC_WARN_ABOUT_RETURN_TYPE = YES_ERROR;
				GCC_WARN_UNDECLARED_SELECTOR = YES;
				GCC_WARN_UNINITIALIZED_AUTOS = YES_AGGRESSIVE;
				GCC_WARN_UNUSED_FUNCTION = YES;
				GCC_WARN_UNUSED_VARIABLE = YES;
				IPHONEOS_DEPLOYMENT_TARGET = 16.2;
				MTL_ENABLE_DEBUG_INFO = NO;
				MTL_FAST_MATH = YES;
				SDKROOT = iphoneos;
				SWIFT_COMPILATION_MODE = wholemodule;
				SWIFT_OPTIMIZATION_LEVEL = "-O";
				VALIDATE_PRODUCT = YES;
			};
			name = Release;
		};
		DD29043429A6672800F59B66 /* Debug */ = {
			isa = XCBuildConfiguration;
			buildSettings = {
				ASSETCATALOG_COMPILER_APPICON_NAME = AppIcon;
				ASSETCATALOG_COMPILER_GLOBAL_ACCENT_COLOR_NAME = AccentColor;
				CODE_SIGN_STYLE = Automatic;
				CURRENT_PROJECT_VERSION = 1;
				GENERATE_INFOPLIST_FILE = YES;
				INFOPLIST_FILE = RickAndMorty/Info.plist;
				INFOPLIST_KEY_CFBundleDisplayName = "Rick & Morty";
				INFOPLIST_KEY_LSApplicationCategoryType = "public.app-category.education";
				INFOPLIST_KEY_UIApplicationSupportsIndirectInputEvents = YES;
				INFOPLIST_KEY_UILaunchStoryboardName = LaunchScreen;
				INFOPLIST_KEY_UISupportedInterfaceOrientations_iPad = "UIInterfaceOrientationPortrait UIInterfaceOrientationPortraitUpsideDown UIInterfaceOrientationLandscapeLeft UIInterfaceOrientationLandscapeRight";
				INFOPLIST_KEY_UISupportedInterfaceOrientations_iPhone = "UIInterfaceOrientationPortrait UIInterfaceOrientationLandscapeLeft UIInterfaceOrientationLandscapeRight";
				LD_RUNPATH_SEARCH_PATHS = (
					"$(inherited)",
					"@executable_path/Frameworks",
				);
				MARKETING_VERSION = 1.0;
				PRODUCT_BUNDLE_IDENTIFIER = it.unoone.RickAndMorty;
				PRODUCT_NAME = "$(TARGET_NAME)";
				SWIFT_EMIT_LOC_STRINGS = YES;
				SWIFT_VERSION = 5.0;
				TARGETED_DEVICE_FAMILY = "1,2";
			};
			name = Debug;
		};
		DD29043529A6672800F59B66 /* Release */ = {
			isa = XCBuildConfiguration;
			buildSettings = {
				ASSETCATALOG_COMPILER_APPICON_NAME = AppIcon;
				ASSETCATALOG_COMPILER_GLOBAL_ACCENT_COLOR_NAME = AccentColor;
				CODE_SIGN_STYLE = Automatic;
				CURRENT_PROJECT_VERSION = 1;
				GENERATE_INFOPLIST_FILE = YES;
				INFOPLIST_FILE = RickAndMorty/Info.plist;
				INFOPLIST_KEY_CFBundleDisplayName = "Rick & Morty";
				INFOPLIST_KEY_LSApplicationCategoryType = "public.app-category.education";
				INFOPLIST_KEY_UIApplicationSupportsIndirectInputEvents = YES;
				INFOPLIST_KEY_UILaunchStoryboardName = LaunchScreen;
				INFOPLIST_KEY_UISupportedInterfaceOrientations_iPad = "UIInterfaceOrientationPortrait UIInterfaceOrientationPortraitUpsideDown UIInterfaceOrientationLandscapeLeft UIInterfaceOrientationLandscapeRight";
				INFOPLIST_KEY_UISupportedInterfaceOrientations_iPhone = "UIInterfaceOrientationPortrait UIInterfaceOrientationLandscapeLeft UIInterfaceOrientationLandscapeRight";
				LD_RUNPATH_SEARCH_PATHS = (
					"$(inherited)",
					"@executable_path/Frameworks",
				);
				MARKETING_VERSION = 1.0;
				PRODUCT_BUNDLE_IDENTIFIER = it.unoone.RickAndMorty;
				PRODUCT_NAME = "$(TARGET_NAME)";
				SWIFT_EMIT_LOC_STRINGS = YES;
				SWIFT_VERSION = 5.0;
				TARGETED_DEVICE_FAMILY = "1,2";
			};
			name = Release;
		};
/* End XCBuildConfiguration section */

/* Begin XCConfigurationList section */
		DD29041A29A6672500F59B66 /* Build configuration list for PBXProject "RickAndMorty" */ = {
			isa = XCConfigurationList;
			buildConfigurations = (
				DD29043129A6672800F59B66 /* Debug */,
				DD29043229A6672800F59B66 /* Release */,
			);
			defaultConfigurationIsVisible = 0;
			defaultConfigurationName = Release;
		};
		DD29043329A6672800F59B66 /* Build configuration list for PBXNativeTarget "RickAndMorty" */ = {
			isa = XCConfigurationList;
			buildConfigurations = (
				DD29043429A6672800F59B66 /* Debug */,
				DD29043529A6672800F59B66 /* Release */,
			);
			defaultConfigurationIsVisible = 0;
			defaultConfigurationName = Release;
		};
/* End XCConfigurationList section */
	};
	rootObject = DD29041729A6672500F59B66 /* Project object */;
}
